
Microsoft Visual Studio Solution File, Format Version 12.00
# Visual Studio 14
VisualStudioVersion = 14.0.25420.1
MinimumVisualStudioVersion = 10.0.40219.1
Project("{FAE04EC0-301F-11D3-BF4B-00C04F79EFBC}") = "Ejemplo01", "Ejemplo01\Ejemplo01.csproj", "{E8F18AA7-E0A0-467D-8E73-416DD65EB2B4}"
EndProject
Project("{FAE04EC0-301F-11D3-BF4B-00C04F79EFBC}") = "dbSQL", "dbSQL\dbSQL.csproj", "{AD0754F9-49A8-4A0D-B097-393EB8D6A680}"
EndProject
Project("{FAE04EC0-301F-11D3-BF4B-00C04F79EFBC}") = "Ejemplo03", "Ejemplo03\Ejemplo03.csproj", "{23546ED8-6026-44CD-91AE-1F4A342DC820}"
EndProject
Project("{FAE04EC0-301F-11D3-BF4B-00C04F79EFBC}") = "EjemplorReflexion", "EjemplorReflexion\EjemplorReflexion.csproj", "{FFC15FC3-7822-4354-BC15-D7C8B809A38F}"
EndProject
Global
	GlobalSection(SolutionConfigurationPlatforms) = preSolution
		Debug|Any CPU = Debug|Any CPU
		Release|Any CPU = Release|Any CPU
	EndGlobalSection
	GlobalSection(ProjectConfigurationPlatforms) = postSolution
		{E8F18AA7-E0A0-467D-8E73-416DD65EB2B4}.Debug|Any CPU.ActiveCfg = Debug|Any CPU
		{E8F18AA7-E0A0-467D-8E73-416DD65EB2B4}.Debug|Any CPU.Build.0 = Debug|Any CPU
		{E8F18AA7-E0A0-467D-8E73-416DD65EB2B4}.Release|Any CPU.ActiveCfg = Release|Any CPU
		{E8F18AA7-E0A0-467D-8E73-416DD65EB2B4}.Release|Any CPU.Build.0 = Release|Any CPU
		{AD0754F9-49A8-4A0D-B097-393EB8D6A680}.Debug|Any CPU.ActiveCfg = Debug|Any CPU
		{AD0754F9-49A8-4A0D-B097-393EB8D6A680}.Debug|Any CPU.Build.0 = Debug|Any CPU
		{AD0754F9-49A8-4A0D-B097-393EB8D6A680}.Release|Any CPU.ActiveCfg = Release|Any CPU
		{AD0754F9-49A8-4A0D-B097-393EB8D6A680}.Release|Any CPU.Build.0 = Release|Any CPU
		{23546ED8-6026-44CD-91AE-1F4A342DC820}.Debug|Any CPU.ActiveCfg = Debug|Any CPU
		{23546ED8-6026-44CD-91AE-1F4A342DC820}.Debug|Any CPU.Build.0 = Debug|Any CPU
		{23546ED8-6026-44CD-91AE-1F4A342DC820}.Release|Any CPU.ActiveCfg = Release|Any CPU
		{23546ED8-6026-44CD-91AE-1F4A342DC820}.Release|Any CPU.Build.0 = Release|Any CPU
		{FFC15FC3-7822-4354-BC15-D7C8B809A38F}.Debug|Any CPU.ActiveCfg = Debug|Any CPU
		{FFC15FC3-7822-4354-BC15-D7C8B809A38F}.Debug|Any CPU.Build.0 = Debug|Any CPU
		{FFC15FC3-7822-4354-BC15-D7C8B809A38F}.Release|Any CPU.ActiveCfg = Release|Any CPU
		{FFC15FC3-7822-4354-BC15-D7C8B809A38F}.Release|Any CPU.Build.0 = Release|Any CPU
	EndGlobalSection
	GlobalSection(SolutionProperties) = preSolution
		HideSolutionNode = FALSE
	EndGlobalSection
EndGlobal
